
Microsoft Visual Studio Solution File, Format Version 12.00
# Visual Studio Version 17
VisualStudioVersion = 17.1.32319.34
MinimumVisualStudioVersion = 10.0.40219.1
Project("{9A19103F-16F7-4668-BE54-9A1E7A4F7556}") = "Examples.Before", "Examples.Before\Examples.Before.csproj", "{65F381DA-8FD9-4AA2-BD2C-82BCE9E1E093}"
EndProject
Project("{9A19103F-16F7-4668-BE54-9A1E7A4F7556}") = "Examples.After", "Examples.After\Examples.After.csproj", "{1409FFF7-A8B5-4F09-83C3-5150ED8148FD}"
EndProject
Project("{9A19103F-16F7-4668-BE54-9A1E7A4F7556}") = "Examples.Mocks", "Examples.Mocks\Examples.Mocks.csproj", "{87C0788D-12E4-4E47-8D67-12A879917920}"
EndProject
Project("{9A19103F-16F7-4668-BE54-9A1E7A4F7556}") = "Examples.Models", "Examples.Models\Examples.Models.csproj", "{64C479B0-9BAC-4ABD-8D94-8503BE53E335}"
EndProject
Project("{2150E333-8FDC-42A3-9474-1A3956D46DE8}") = "SOLID", "SOLID", "{01BEECFE-0E49-48B8-9AF6-DAA8DBB3FC23}"
EndProject
Project("{2150E333-8FDC-42A3-9474-1A3956D46DE8}") = "OTHERS", "OTHERS", "{14664B44-09E5-4155-84EF-128EDF419A40}"
EndProject
Project("{FAE04EC0-301F-11D3-BF4B-00C04F79EFBC}") = "Examples.KISS", "Examples.DRY\Examples.KISS.csproj", "{2AEF1B7E-03ED-4FE0-88A2-1CBACC131168}"
EndProject
Project("{FAE04EC0-301F-11D3-BF4B-00C04F79EFBC}") = "Examples.YAGNI", "Examples.YAGNI\Examples.YAGNI.csproj", "{AD22F063-2AE4-433E-8CAE-F5F125A2F7C1}"
EndProject
Global
	GlobalSection(SolutionConfigurationPlatforms) = preSolution
		Debug|Any CPU = Debug|Any CPU
		Release|Any CPU = Release|Any CPU
	EndGlobalSection
	GlobalSection(ProjectConfigurationPlatforms) = postSolution
		{65F381DA-8FD9-4AA2-BD2C-82BCE9E1E093}.Debug|Any CPU.ActiveCfg = Debug|Any CPU
		{65F381DA-8FD9-4AA2-BD2C-82BCE9E1E093}.Debug|Any CPU.Build.0 = Debug|Any CPU
		{65F381DA-8FD9-4AA2-BD2C-82BCE9E1E093}.Release|Any CPU.ActiveCfg = Release|Any CPU
		{65F381DA-8FD9-4AA2-BD2C-82BCE9E1E093}.Release|Any CPU.Build.0 = Release|Any CPU
		{1409FFF7-A8B5-4F09-83C3-5150ED8148FD}.Debug|Any CPU.ActiveCfg = Debug|Any CPU
		{1409FFF7-A8B5-4F09-83C3-5150ED8148FD}.Debug|Any CPU.Build.0 = Debug|Any CPU
		{1409FFF7-A8B5-4F09-83C3-5150ED8148FD}.Release|Any CPU.ActiveCfg = Release|Any CPU
		{1409FFF7-A8B5-4F09-83C3-5150ED8148FD}.Release|Any CPU.Build.0 = Release|Any CPU
		{87C0788D-12E4-4E47-8D67-12A879917920}.Debug|Any CPU.ActiveCfg = Debug|Any CPU
		{87C0788D-12E4-4E47-8D67-12A879917920}.Debug|Any CPU.Build.0 = Debug|Any CPU
		{87C0788D-12E4-4E47-8D67-12A879917920}.Release|Any CPU.ActiveCfg = Release|Any CPU
		{87C0788D-12E4-4E47-8D67-12A879917920}.Release|Any CPU.Build.0 = Release|Any CPU
		{64C479B0-9BAC-4ABD-8D94-8503BE53E335}.Debug|Any CPU.ActiveCfg = Debug|Any CPU
		{64C479B0-9BAC-4ABD-8D94-8503BE53E335}.Debug|Any CPU.Build.0 = Debug|Any CPU
		{64C479B0-9BAC-4ABD-8D94-8503BE53E335}.Release|Any CPU.ActiveCfg = Release|Any CPU
		{64C479B0-9BAC-4ABD-8D94-8503BE53E335}.Release|Any CPU.Build.0 = Release|Any CPU
		{2AEF1B7E-03ED-4FE0-88A2-1CBACC131168}.Debug|Any CPU.ActiveCfg = Debug|Any CPU
		{2AEF1B7E-03ED-4FE0-88A2-1CBACC131168}.Debug|Any CPU.Build.0 = Debug|Any CPU
		{2AEF1B7E-03ED-4FE0-88A2-1CBACC131168}.Release|Any CPU.ActiveCfg = Release|Any CPU
		{2AEF1B7E-03ED-4FE0-88A2-1CBACC131168}.Release|Any CPU.Build.0 = Release|Any CPU
		{AD22F063-2AE4-433E-8CAE-F5F125A2F7C1}.Debug|Any CPU.ActiveCfg = Debug|Any CPU
		{AD22F063-2AE4-433E-8CAE-F5F125A2F7C1}.Debug|Any CPU.Build.0 = Debug|Any CPU
		{AD22F063-2AE4-433E-8CAE-F5F125A2F7C1}.Release|Any CPU.ActiveCfg = Release|Any CPU
		{AD22F063-2AE4-433E-8CAE-F5F125A2F7C1}.Release|Any CPU.Build.0 = Release|Any CPU
	EndGlobalSection
	GlobalSection(SolutionProperties) = preSolution
		HideSolutionNode = FALSE
	EndGlobalSection
	GlobalSection(NestedProjects) = preSolution
		{65F381DA-8FD9-4AA2-BD2C-82BCE9E1E093} = {01BEECFE-0E49-48B8-9AF6-DAA8DBB3FC23}
		{1409FFF7-A8B5-4F09-83C3-5150ED8148FD} = {01BEECFE-0E49-48B8-9AF6-DAA8DBB3FC23}
		{87C0788D-12E4-4E47-8D67-12A879917920} = {01BEECFE-0E49-48B8-9AF6-DAA8DBB3FC23}
		{64C479B0-9BAC-4ABD-8D94-8503BE53E335} = {01BEECFE-0E49-48B8-9AF6-DAA8DBB3FC23}
		{2AEF1B7E-03ED-4FE0-88A2-1CBACC131168} = {14664B44-09E5-4155-84EF-128EDF419A40}
		{AD22F063-2AE4-433E-8CAE-F5F125A2F7C1} = {14664B44-09E5-4155-84EF-128EDF419A40}
	EndGlobalSection
	GlobalSection(ExtensibilityGlobals) = postSolution
		SolutionGuid = {43BEC2DF-40DC-4F38-8798-75E3BC8150F0}
	EndGlobalSection
EndGlobal
